<?xml version="1.0" encoding="utf-8"?>
<Project ToolsVersion="4.0" xmlns="http://schemas.microsoft.com/developer/msbuild/2003">
  <ItemGroup>
    <Filter Include="來源檔案">
      <UniqueIdentifier>{4FC737F1-C7A5-4376-A066-2A32D752A2FF}</UniqueIdentifier>
      <Extensions>cpp;c;cc;cxx;def;odl;idl;hpj;bat;asm;asmx</Extensions>
    </Filter>
    <Filter Include="標頭檔">
      <UniqueIdentifier>{93995380-89BD-4b04-88EB-625FBE52EBFB}</UniqueIdentifier>
      <Extensions>h;hh;hpp;hxx;hm;inl;inc;ipp;xsd</Extensions>
    </Filter>
    <Filter Include="資源檔">
      <UniqueIdentifier>{67DA6AB6-F800-4c08-8B7A-83BB121AAD01}</UniqueIdentifier>
      <Extensions>rc;ico;cur;bmp;dlg;rc2;rct;bin;rgs;gif;jpg;jpeg;jpe;resx;tiff;tif;png;wav;mfcribbon-ms</Extensions>
    </Filter>
  </ItemGroup>
  <ItemGroup>
    <ClCompile Include="final_project.cpp">
      <Filter>來源檔案</Filter>
    </ClCompile>
    <ClCompile Include="Being.cpp">
      <Filter>來源檔案</Filter>
    </ClCompile>
    <ClCompile Include="Postition.cpp">
      <Filter>來源檔案</Filter>
    </ClCompile>
    <ClCompile Include="Character.cpp">
      <Filter>來源檔案</Filter>
    </ClCompile>
    <ClCompile Include="Monster.cpp">
      <Filter>來源檔案</Filter>
    </ClCompile>
    <ClCompile Include="BeingData.cpp">
      <Filter>來源檔案</Filter>
    </ClCompile>
    <ClCompile Include="Skill.cpp">
      <Filter>來源檔案</Filter>
    </ClCompile>
    <ClCompile Include="CaracterSkill.cpp">
      <Filter>來源檔案</Filter>
    </ClCompile>
    <ClCompile Include="MonsterSkill.cpp">
      <Filter>來源檔案</Filter>
    </ClCompile>
    <ClCompile Include="MapData.cpp">
      <Filter>來源檔案</Filter>
    </ClCompile>
    <ClCompile Include="Action.cpp">
      <Filter>來源檔案</Filter>
    </ClCompile>
    <ClCompile Include="GloomHaven.cpp">
      <Filter>來源檔案</Filter>
    </ClCompile>
    <ClCompile Include="CharcterData.cpp">
      <Filter>來源檔案</Filter>
    </ClCompile>
    <ClCompile Include="MonsterData.cpp">
      <Filter>來源檔案</Filter>
    </ClCompile>
  </ItemGroup>
  <ItemGroup>
    <ClInclude Include="Being.h">
      <Filter>標頭檔</Filter>
    </ClInclude>
    <ClInclude Include="Postition.h">
      <Filter>標頭檔</Filter>
    </ClInclude>
    <ClInclude Include="Character.h">
      <Filter>標頭檔</Filter>
    </ClInclude>
    <ClInclude Include="Monster.h">
      <Filter>標頭檔</Filter>
    </ClInclude>
    <ClInclude Include="BeingData.h">
      <Filter>標頭檔</Filter>
    </ClInclude>
    <ClInclude Include="Skill.h">
      <Filter>標頭檔</Filter>
    </ClInclude>
    <ClInclude Include="CaracterSkill.h">
      <Filter>標頭檔</Filter>
    </ClInclude>
    <ClInclude Include="MonsterSkill.h">
      <Filter>標頭檔</Filter>
    </ClInclude>
    <ClInclude Include="MapData.h">
      <Filter>標頭檔</Filter>
    </ClInclude>
    <ClInclude Include="Action.h">
      <Filter>標頭檔</Filter>
    </ClInclude>
    <ClInclude Include="GloomHaven.h">
      <Filter>標頭檔</Filter>
    </ClInclude>
    <ClInclude Include="CharcterData.h">
      <Filter>標頭檔</Filter>
    </ClInclude>
    <ClInclude Include="MonsterData.h">
      <Filter>標頭檔</Filter>
    </ClInclude>
  </ItemGroup>
</Project>